
Microsoft Visual Studio Solution File, Format Version 12.00
# Visual Studio Version 17
VisualStudioVersion = 17.14.36414.22 d17.14
MinimumVisualStudioVersion = 10.0.40219.1
Project("{FAE04EC0-301F-11D3-BF4B-00C04F79EFBC}") = "ProjetoVendedores", "ProjetoVendedores.csproj", "{FD8AFF24-72BB-4F05-9AA7-2387B6656AEA}"
EndProject
Global
	GlobalSection(SolutionConfigurationPlatforms) = preSolution
		Debug|Any CPU = Debug|Any CPU
		Release|Any CPU = Release|Any CPU
	EndGlobalSection
	GlobalSection(ProjectConfigurationPlatforms) = postSolution
		{FD8AFF24-72BB-4F05-9AA7-2387B6656AEA}.Debug|Any CPU.ActiveCfg = Debug|Any CPU
		{FD8AFF24-72BB-4F05-9AA7-2387B6656AEA}.Debug|Any CPU.Build.0 = Debug|Any CPU
		{FD8AFF24-72BB-4F05-9AA7-2387B6656AEA}.Release|Any CPU.ActiveCfg = Release|Any CPU
		{FD8AFF24-72BB-4F05-9AA7-2387B6656AEA}.Release|Any CPU.Build.0 = Release|Any CPU
	EndGlobalSection
	GlobalSection(SolutionProperties) = preSolution
		HideSolutionNode = FALSE
	EndGlobalSection
	GlobalSection(ExtensibilityGlobals) = postSolution
		SolutionGuid = {26C924C8-D776-4A56-88E7-B25E9C307ECD}
	EndGlobalSection
EndGlobal
